// !$*UTF8*$!
{
	archiveVersion = 1;
	classes = {
	};
	objectVersion = 50;
	objects = {

/* Begin PBXBuildFile section */
		FAFA192322D7268F006B0A58 /* AppDelegate.swift in Sources */ = {isa = PBXBuildFile; fileRef = FAFA192222D7268F006B0A58 /* AppDelegate.swift */; };
		FAFA192522D7268F006B0A58 /* ViewController.swift in Sources */ = {isa = PBXBuildFile; fileRef = FAFA192422D7268F006B0A58 /* ViewController.swift */; };
		FAFA192822D7268F006B0A58 /* Main.storyboard in Resources */ = {isa = PBXBuildFile; fileRef = FAFA192622D7268F006B0A58 /* Main.storyboard */; };
		FAFA192A22D72690006B0A58 /* Assets.xcassets in Resources */ = {isa = PBXBuildFile; fileRef = FAFA192922D72690006B0A58 /* Assets.xcassets */; };
		FAFA192D22D72690006B0A58 /* LaunchScreen.storyboard in Resources */ = {isa = PBXBuildFile; fileRef = FAFA192B22D72690006B0A58 /* LaunchScreen.storyboard */; };
		FAFA193822D72690006B0A58 /* SnapseedTests.swift in Sources */ = {isa = PBXBuildFile; fileRef = FAFA193722D72690006B0A58 /* SnapseedTests.swift */; };
		FAFA194322D72690006B0A58 /* SnapseedUITests.swift in Sources */ = {isa = PBXBuildFile; fileRef = FAFA194222D72690006B0A58 /* SnapseedUITests.swift */; };
/* End PBXBuildFile section */

/* Begin PBXContainerItemProxy section */
		FAFA193422D72690006B0A58 /* PBXContainerItemProxy */ = {
			isa = PBXContainerItemProxy;
			containerPortal = FAFA191722D7268F006B0A58 /* Project object */;
			proxyType = 1;
			remoteGlobalIDString = FAFA191E22D7268F006B0A58;
			remoteInfo = Snapseed;
		};
		FAFA193F22D72690006B0A58 /* PBXContainerItemProxy */ = {
			isa = PBXContainerItemProxy;
			containerPortal = FAFA191722D7268F006B0A58 /* Project object */;
			proxyType = 1;
			remoteGlobalIDString = FAFA191E22D7268F006B0A58;
			remoteInfo = Snapseed;
		};
/* End PBXContainerItemProxy section */

/* Begin PBXFileReference section */
		FAFA191F22D7268F006B0A58 /* Snapseed.app */ = {isa = PBXFileReference; explicitFileType = wrapper.application; includeInIndex = 0; path = Snapseed.app; sourceTree = BUILT_PRODUCTS_DIR; };
		FAFA192222D7268F006B0A58 /* AppDelegate.swift */ = {isa = PBXFileReference; lastKnownFileType = sourcecode.swift; path = AppDelegate.swift; sourceTree = "<group>"; };
		FAFA192422D7268F006B0A58 /* ViewController.swift */ = {isa = PBXFileReference; lastKnownFileType = sourcecode.swift; path = ViewController.swift; sourceTree = "<group>"; };
		FAFA192722D7268F006B0A58 /* Base */ = {isa = PBXFileReference; lastKnownFileType = file.storyboard; name = Base; path = Base.lproj/Main.storyboard; sourceTree = "<group>"; };
		FAFA192922D72690006B0A58 /* Assets.xcassets */ = {isa = PBXFileReference; lastKnownFileType = folder.assetcatalog; path = Assets.xcassets; sourceTree = "<group>"; };
		FAFA192C22D72690006B0A58 /* Base */ = {isa = PBXFileReference; lastKnownFileType = file.storyboard; name = Base; path = Base.lproj/LaunchScreen.storyboard; sourceTree = "<group>"; };
		FAFA192E22D72690006B0A58 /* Info.plist */ = {isa = PBXFileReference; lastKnownFileType = text.plist.xml; path = Info.plist; sourceTree = "<group>"; };
		FAFA193322D72690006B0A58 /* SnapseedTests.xctest */ = {isa = PBXFileReference; explicitFileType = wrapper.cfbundle; includeInIndex = 0; path = SnapseedTests.xctest; sourceTree = BUILT_PRODUCTS_DIR; };
		FAFA193722D72690006B0A58 /* SnapseedTests.swift */ = {isa = PBXFileReference; lastKnownFileType = sourcecode.swift; path = SnapseedTests.swift; sourceTree = "<group>"; };
		FAFA193922D72690006B0A58 /* Info.plist */ = {isa = PBXFileReference; lastKnownFileType = text.plist.xml; path = Info.plist; sourceTree = "<group>"; };
		FAFA193E22D72690006B0A58 /* SnapseedUITests.xctest */ = {isa = PBXFileReference; explicitFileType = wrapper.cfbundle; includeInIndex = 0; path = SnapseedUITests.xctest; sourceTree = BUILT_PRODUCTS_DIR; };
		FAFA194222D72690006B0A58 /* SnapseedUITests.swift */ = {isa = PBXFileReference; lastKnownFileType = sourcecode.swift; path = SnapseedUITests.swift; sourceTree = "<group>"; };
		FAFA194422D72690006B0A58 /* Info.plist */ = {isa = PBXFileReference; lastKnownFileType = text.plist.xml; path = Info.plist; sourceTree = "<group>"; };
/* End PBXFileReference section */

/* Begin PBXFrameworksBuildPhase section */
		FAFA191C22D7268F006B0A58 /* Frameworks */ = {
			isa = PBXFrameworksBuildPhase;
			buildActionMask = 2147483647;
			files = (
			);
			runOnlyForDeploymentPostprocessing = 0;
		};
		FAFA193022D72690006B0A58 /* Frameworks */ = {
			isa = PBXFrameworksBuildPhase;
			buildActionMask = 2147483647;
			files = (
			);
			runOnlyForDeploymentPostprocessing = 0;
		};
		FAFA193B22D72690006B0A58 /* Frameworks */ = {
			isa = PBXFrameworksBuildPhase;
			buildActionMask = 2147483647;
			files = (
			);
			runOnlyForDeploymentPostprocessing = 0;
		};
/* End PBXFrameworksBuildPhase section */

/* Begin PBXGroup section */
		FAFA191622D7268F006B0A58 = {
			isa = PBXGroup;
			children = (
				FAFA192122D7268F006B0A58 /* Snapseed */,
				FAFA193622D72690006B0A58 /* SnapseedTests */,
				FAFA194122D72690006B0A58 /* SnapseedUITests */,
				FAFA192022D7268F006B0A58 /* Products */,
			);
			sourceTree = "<group>";
		};
		FAFA192022D7268F006B0A58 /* Products */ = {
			isa = PBXGroup;
			children = (
				FAFA191F22D7268F006B0A58 /* Snapseed.app */,
				FAFA193322D72690006B0A58 /* SnapseedTests.xctest */,
				FAFA193E22D72690006B0A58 /* SnapseedUITests.xctest */,
			);
			name = Products;
			sourceTree = "<group>";
		};
		FAFA192122D7268F006B0A58 /* Snapseed */ = {
			isa = PBXGroup;
			children = (
				FAFA192222D7268F006B0A58 /* AppDelegate.swift */,
				FAFA192422D7268F006B0A58 /* ViewController.swift */,
				FAFA192622D7268F006B0A58 /* Main.storyboard */,
				FAFA192922D72690006B0A58 /* Assets.xcassets */,
				FAFA192B22D72690006B0A58 /* LaunchScreen.storyboard */,
				FAFA192E22D72690006B0A58 /* Info.plist */,
			);
			path = Snapseed;
			sourceTree = "<group>";
		};
		FAFA193622D72690006B0A58 /* SnapseedTests */ = {
			isa = PBXGroup;
			children = (
				FAFA193722D72690006B0A58 /* SnapseedTests.swift */,
				FAFA193922D72690006B0A58 /* Info.plist */,
			);
			path = SnapseedTests;
			sourceTree = "<group>";
		};
		FAFA194122D72690006B0A58 /* SnapseedUITests */ = {
			isa = PBXGroup;
			children = (
				FAFA194222D72690006B0A58 /* SnapseedUITests.swift */,
				FAFA194422D72690006B0A58 /* Info.plist */,
			);
			path = SnapseedUITests;
			sourceTree = "<group>";
		};
/* End PBXGroup section */

/* Begin PBXNativeTarget section */
		FAFA191E22D7268F006B0A58 /* Snapseed */ = {
			isa = PBXNativeTarget;
			buildConfigurationList = FAFA194722D72690006B0A58 /* Build configuration list for PBXNativeTarget "Snapseed" */;
			buildPhases = (
				FAFA191B22D7268F006B0A58 /* Sources */,
				FAFA191C22D7268F006B0A58 /* Frameworks */,
				FAFA191D22D7268F006B0A58 /* Resources */,
			);
			buildRules = (
			);
			dependencies = (
			);
			name = Snapseed;
			productName = Snapseed;
			productReference = FAFA191F22D7268F006B0A58 /* Snapseed.app */;
			productType = "com.apple.product-type.application";
		};
		FAFA193222D72690006B0A58 /* SnapseedTests */ = {
			isa = PBXNativeTarget;
			buildConfigurationList = FAFA194A22D72690006B0A58 /* Build configuration list for PBXNativeTarget "SnapseedTests" */;
			buildPhases = (
				FAFA192F22D72690006B0A58 /* Sources */,
				FAFA193022D72690006B0A58 /* Frameworks */,
				FAFA193122D72690006B0A58 /* Resources */,
			);
			buildRules = (
			);
			dependencies = (
				FAFA193522D72690006B0A58 /* PBXTargetDependency */,
			);
			name = SnapseedTests;
			productName = SnapseedTests;
			productReference = FAFA193322D72690006B0A58 /* SnapseedTests.xctest */;
			productType = "com.apple.product-type.bundle.unit-test";
		};
		FAFA193D22D72690006B0A58 /* SnapseedUITests */ = {
			isa = PBXNativeTarget;
			buildConfigurationList = FAFA194D22D72690006B0A58 /* Build configuration list for PBXNativeTarget "SnapseedUITests" */;
			buildPhases = (
				FAFA193A22D72690006B0A58 /* Sources */,
				FAFA193B22D72690006B0A58 /* Frameworks */,
				FAFA193C22D72690006B0A58 /* Resources */,
			);
			buildRules = (
			);
			dependencies = (
				FAFA194022D72690006B0A58 /* PBXTargetDependency */,
			);
			name = SnapseedUITests;
			productName = SnapseedUITests;
			productReference = FAFA193E22D72690006B0A58 /* SnapseedUITests.xctest */;
			productType = "com.apple.product-type.bundle.ui-testing";
		};
/* End PBXNativeTarget section */

/* Begin PBXProject section */
		FAFA191722D7268F006B0A58 /* Project object */ = {
			isa = PBXProject;
			attributes = {
				LastSwiftUpdateCheck = 1020;
				LastUpgradeCheck = 1020;
				ORGANIZATIONNAME = Huni;
				TargetAttributes = {
					FAFA191E22D7268F006B0A58 = {
						CreatedOnToolsVersion = 10.2.1;
					};
					FAFA193222D72690006B0A58 = {
						CreatedOnToolsVersion = 10.2.1;
						TestTargetID = FAFA191E22D7268F006B0A58;
					};
					FAFA193D22D72690006B0A58 = {
						CreatedOnToolsVersion = 10.2.1;
						TestTargetID = FAFA191E22D7268F006B0A58;
					};
				};
			};
			buildConfigurationList = FAFA191A22D7268F006B0A58 /* Build configuration list for PBXProject "Snapseed" */;
			compatibilityVersion = "Xcode 9.3";
			developmentRegion = en;
			hasScannedForEncodings = 0;
			knownRegions = (
				en,
				Base,
			);
			mainGroup = FAFA191622D7268F006B0A58;
			productRefGroup = FAFA192022D7268F006B0A58 /* Products */;
			projectDirPath = "";
			projectRoot = "";
			targets = (
				FAFA191E22D7268F006B0A58 /* Snapseed */,
				FAFA193222D72690006B0A58 /* SnapseedTests */,
				FAFA193D22D72690006B0A58 /* SnapseedUITests */,
			);
		};
/* End PBXProject section */

/* Begin PBXResourcesBuildPhase section */
		FAFA191D22D7268F006B0A58 /* Resources */ = {
			isa = PBXResourcesBuildPhase;
			buildActionMask = 2147483647;
			files = (
				FAFA192D22D72690006B0A58 /* LaunchScreen.storyboard in Resources */,
				FAFA192A22D72690006B0A58 /* Assets.xcassets in Resources */,
				FAFA192822D7268F006B0A58 /* Main.storyboard in Resources */,
			);
			runOnlyForDeploymentPostprocessing = 0;
		};
		FAFA193122D72690006B0A58 /* Resources */ = {
			isa = PBXResourcesBuildPhase;
			buildActionMask = 2147483647;
			files = (
			);
			runOnlyForDeploymentPostprocessing = 0;
		};
		FAFA193C22D72690006B0A58 /* Resources */ = {
			isa = PBXResourcesBuildPhase;
			buildActionMask = 2147483647;
			files = (
			);
			runOnlyForDeploymentPostprocessing = 0;
		};
/* End PBXResourcesBuildPhase section */

/* Begin PBXSourcesBuildPhase section */
		FAFA191B22D7268F006B0A58 /* Sources */ = {
			isa = PBXSourcesBuildPhase;
			buildActionMask = 2147483647;
			files = (
				FAFA192522D7268F006B0A58 /* ViewController.swift in Sources */,
				FAFA192322D7268F006B0A58 /* AppDelegate.swift in Sources */,
			);
			runOnlyForDeploymentPostprocessing = 0;
		};
		FAFA192F22D72690006B0A58 /* Sources */ = {
			isa = PBXSourcesBuildPhase;
			buildActionMask = 2147483647;
			files = (
				FAFA193822D72690006B0A58 /* SnapseedTests.swift in Sources */,
			);
			runOnlyForDeploymentPostprocessing = 0;
		};
		FAFA193A22D72690006B0A58 /* Sources */ = {
			isa = PBXSourcesBuildPhase;
			buildActionMask = 2147483647;
			files = (
				FAFA194322D72690006B0A58 /* SnapseedUITests.swift in Sources */,
			);
			runOnlyForDeploymentPostprocessing = 0;
		};
/* End PBXSourcesBuildPhase section */

/* Begin PBXTargetDependency section */
		FAFA193522D72690006B0A58 /* PBXTargetDependency */ = {
			isa = PBXTargetDependency;
			target = FAFA191E22D7268F006B0A58 /* Snapseed */;
			targetProxy = FAFA193422D72690006B0A58 /* PBXContainerItemProxy */;
		};
		FAFA194022D72690006B0A58 /* PBXTargetDependency */ = {
			isa = PBXTargetDependency;
			target = FAFA191E22D7268F006B0A58 /* Snapseed */;
			targetProxy = FAFA193F22D72690006B0A58 /* PBXContainerItemProxy */;
		};
/* End PBXTargetDependency section */

/* Begin PBXVariantGroup section */
		FAFA192622D7268F006B0A58 /* Main.storyboard */ = {
			isa = PBXVariantGroup;
			children = (
				FAFA192722D7268F006B0A58 /* Base */,
			);
			name = Main.storyboard;
			sourceTree = "<group>";
		};
		FAFA192B22D72690006B0A58 /* LaunchScreen.storyboard */ = {
			isa = PBXVariantGroup;
			children = (
				FAFA192C22D72690006B0A58 /* Base */,
			);
			name = LaunchScreen.storyboard;
			sourceTree = "<group>";
		};
/* End PBXVariantGroup section */

/* Begin XCBuildConfiguration section */
		FAFA194522D72690006B0A58 /* Debug */ = {
			isa = XCBuildConfiguration;
			buildSettings = {
				ALWAYS_SEARCH_USER_PATHS = NO;
				CLANG_ANALYZER_NONNULL = YES;
				CLANG_ANALYZER_NUMBER_OBJECT_CONVERSION = YES_AGGRESSIVE;
				CLANG_CXX_LANGUAGE_STANDARD = "gnu++14";
				CLANG_CXX_LIBRARY = "libc++";
				CLANG_ENABLE_MODULES = YES;
				CLANG_ENABLE_OBJC_ARC = YES;
				CLANG_ENABLE_OBJC_WEAK = YES;
				CLANG_WARN_BLOCK_CAPTURE_AUTORELEASING = YES;
				CLANG_WARN_BOOL_CONVERSION = YES;
				CLANG_WARN_COMMA = YES;
				CLANG_WARN_CONSTANT_CONVERSION = YES;
				CLANG_WARN_DEPRECATED_OBJC_IMPLEMENTATIONS = YES;
				CLANG_WARN_DIRECT_OBJC_ISA_USAGE = YES_ERROR;
				CLANG_WARN_DOCUMENTATION_COMMENTS = YES;
				CLANG_WARN_EMPTY_BODY = YES;
				CLANG_WARN_ENUM_CONVERSION = YES;
				CLANG_WARN_INFINITE_RECURSION = YES;
				CLANG_WARN_INT_CONVERSION = YES;
				CLANG_WARN_NON_LITERAL_NULL_CONVERSION = YES;
				CLANG_WARN_OBJC_IMPLICIT_RETAIN_SELF = YES;
				CLANG_WARN_OBJC_LITERAL_CONVERSION = YES;
				CLANG_WARN_OBJC_ROOT_CLASS = YES_ERROR;
				CLANG_WARN_RANGE_LOOP_ANALYSIS = YES;
				CLANG_WARN_STRICT_PROTOTYPES = YES;
				CLANG_WARN_SUSPICIOUS_MOVE = YES;
				CLANG_WARN_UNGUARDED_AVAILABILITY = YES_AGGRESSIVE;
				CLANG_WARN_UNREACHABLE_CODE = YES;
				CLANG_WARN__DUPLICATE_METHOD_MATCH = YES;
				CODE_SIGN_IDENTITY = "iPhone Developer";
				COPY_PHASE_STRIP = NO;
				DEBUG_INFORMATION_FORMAT = dwarf;
				ENABLE_STRICT_OBJC_MSGSEND = YES;
				ENABLE_TESTABILITY = YES;
				GCC_C_LANGUAGE_STANDARD = gnu11;
				GCC_DYNAMIC_NO_PIC = NO;
				GCC_NO_COMMON_BLOCKS = YES;
				GCC_OPTIMIZATION_LEVEL = 0;
				GCC_PREPROCESSOR_DEFINITIONS = (
					"DEBUG=1",
					"$(inherited)",
				);
				GCC_WARN_64_TO_32_BIT_CONVERSION = YES;
				GCC_WARN_ABOUT_RETURN_TYPE = YES_ERROR;
				GCC_WARN_UNDECLARED_SELECTOR = YES;
				GCC_WARN_UNINITIALIZED_AUTOS = YES_AGGRESSIVE;
				GCC_WARN_UNUSED_FUNCTION = YES;
				GCC_WARN_UNUSED_VARIABLE = YES;
				IPHONEOS_DEPLOYMENT_TARGET = 12.2;
				MTL_ENABLE_DEBUG_INFO = INCLUDE_SOURCE;
				MTL_FAST_MATH = YES;
				ONLY_ACTIVE_ARCH = YES;
				SDKROOT = iphoneos;
				SWIFT_ACTIVE_COMPILATION_CONDITIONS = DEBUG;
				SWIFT_OPTIMIZATION_LEVEL = "-Onone";
			};
			name = Debug;
		};
		FAFA194622D72690006B0A58 /* Release */ = {
			isa = XCBuildConfiguration;
			buildSettings = {
				ALWAYS_SEARCH_USER_PATHS = NO;
				CLANG_ANALYZER_NONNULL = YES;
				CLANG_ANALYZER_NUMBER_OBJECT_CONVERSION = YES_AGGRESSIVE;
				CLANG_CXX_LANGUAGE_STANDARD = "gnu++14";
				CLANG_CXX_LIBRARY = "libc++";
				CLANG_ENABLE_MODULES = YES;
				CLANG_ENABLE_OBJC_ARC = YES;
				CLANG_ENABLE_OBJC_WEAK = YES;
				CLANG_WARN_BLOCK_CAPTURE_AUTORELEASING = YES;
				CLANG_WARN_BOOL_CONVERSION = YES;
				CLANG_WARN_COMMA = YES;
				CLANG_WARN_CONSTANT_CONVERSION = YES;
				CLANG_WARN_DEPRECATED_OBJC_IMPLEMENTATIONS = YES;
				CLANG_WARN_DIRECT_OBJC_ISA_USAGE = YES_ERROR;
				CLANG_WARN_DOCUMENTATION_COMMENTS = YES;
				CLANG_WARN_EMPTY_BODY = YES;
				CLANG_WARN_ENUM_CONVERSION = YES;
				CLANG_WARN_INFINITE_RECURSION = YES;
				CLANG_WARN_INT_CONVERSION = YES;
				CLANG_WARN_NON_LITERAL_NULL_CONVERSION = YES;
				CLANG_WARN_OBJC_IMPLICIT_RETAIN_SELF = YES;
				CLANG_WARN_OBJC_LITERAL_CONVERSION = YES;
				CLANG_WARN_OBJC_ROOT_CLASS = YES_ERROR;
				CLANG_WARN_RANGE_LOOP_ANALYSIS = YES;
				CLANG_WARN_STRICT_PROTOTYPES = YES;
				CLANG_WARN_SUSPICIOUS_MOVE = YES;
				CLANG_WARN_UNGUARDED_AVAILABILITY = YES_AGGRESSIVE;
				CLANG_WARN_UNREACHABLE_CODE = YES;
				CLANG_WARN__DUPLICATE_METHOD_MATCH = YES;
				CODE_SIGN_IDENTITY = "iPhone Developer";
				COPY_PHASE_STRIP = NO;
				DEBUG_INFORMATION_FORMAT = "dwarf-with-dsym";
				ENABLE_NS_ASSERTIONS = NO;
				ENABLE_STRICT_OBJC_MSGSEND = YES;
				GCC_C_LANGUAGE_STANDARD = gnu11;
				GCC_NO_COMMON_BLOCKS = YES;
				GCC_WARN_64_TO_32_BIT_CONVERSION = YES;
				GCC_WARN_ABOUT_RETURN_TYPE = YES_ERROR;
				GCC_WARN_UNDECLARED_SELECTOR = YES;
				GCC_WARN_UNINITIALIZED_AUTOS = YES_AGGRESSIVE;
				GCC_WARN_UNUSED_FUNCTION = YES;
				GCC_WARN_UNUSED_VARIABLE = YES;
				IPHONEOS_DEPLOYMENT_TARGET = 12.2;
				MTL_ENABLE_DEBUG_INFO = NO;
				MTL_FAST_MATH = YES;
				SDKROOT = iphoneos;
				SWIFT_COMPILATION_MODE = wholemodule;
				SWIFT_OPTIMIZATION_LEVEL = "-O";
				VALIDATE_PRODUCT = YES;
			};
			name = Release;
		};
		FAFA194822D72690006B0A58 /* Debug */ = {
			isa = XCBuildConfiguration;
			buildSettings = {
				ASSETCATALOG_COMPILER_APPICON_NAME = AppIcon;
				CODE_SIGN_STYLE = Automatic;
				DEVELOPMENT_TEAM = UWV7N4CNDC;
				INFOPLIST_FILE = Snapseed/Info.plist;
				LD_RUNPATH_SEARCH_PATHS = (
					"$(inherited)",
					"@executable_path/Frameworks",
				);
				PRODUCT_BUNDLE_IDENTIFIER = KnightJoker.Snapseed;
				PRODUCT_NAME = "$(TARGET_NAME)";
				SWIFT_VERSION = 5.0;
				TARGETED_DEVICE_FAMILY = "1,2";
			};
			name = Debug;
		};
		FAFA194922D72690006B0A58 /* Release */ = {
			isa = XCBuildConfiguration;
			buildSettings = {
				ASSETCATALOG_COMPILER_APPICON_NAME = AppIcon;
				CODE_SIGN_STYLE = Automatic;
				DEVELOPMENT_TEAM = UWV7N4CNDC;
				INFOPLIST_FILE = Snapseed/Info.plist;
				LD_RUNPATH_SEARCH_PATHS = (
					"$(inherited)",
					"@executable_path/Frameworks",
				);
				PRODUCT_BUNDLE_IDENTIFIER = KnightJoker.Snapseed;
				PRODUCT_NAME = "$(TARGET_NAME)";
				SWIFT_VERSION = 5.0;
				TARGETED_DEVICE_FAMILY = "1,2";
			};
			name = Release;
		};
		FAFA194B22D72690006B0A58 /* Debug */ = {
			isa = XCBuildConfiguration;
			buildSettings = {
				ALWAYS_EMBED_SWIFT_STANDARD_LIBRARIES = YES;
				BUNDLE_LOADER = "$(TEST_HOST)";
				CODE_SIGN_STYLE = Automatic;
				DEVELOPMENT_TEAM = UWV7N4CNDC;
				INFOPLIST_FILE = SnapseedTests/Info.plist;
				LD_RUNPATH_SEARCH_PATHS = (
					"$(inherited)",
					"@executable_path/Frameworks",
					"@loader_path/Frameworks",
				);
				PRODUCT_BUNDLE_IDENTIFIER = KnightJoker.SnapseedTests;
				PRODUCT_NAME = "$(TARGET_NAME)";
				SWIFT_VERSION = 5.0;
				TARGETED_DEVICE_FAMILY = "1,2";
				TEST_HOST = "$(BUILT_PRODUCTS_DIR)/Snapseed.app/Snapseed";
			};
			name = Debug;
		};
		FAFA194C22D72690006B0A58 /* Release */ = {
			isa = XCBuildConfiguration;
			buildSettings = {
				ALWAYS_EMBED_SWIFT_STANDARD_LIBRARIES = YES;
				BUNDLE_LOADER = "$(TEST_HOST)";
				CODE_SIGN_STYLE = Automatic;
				DEVELOPMENT_TEAM = UWV7N4CNDC;
				INFOPLIST_FILE = SnapseedTests/Info.plist;
				LD_RUNPATH_SEARCH_PATHS = (
					"$(inherited)",
					"@executable_path/Frameworks",
					"@loader_path/Frameworks",
				);
				PRODUCT_BUNDLE_IDENTIFIER = KnightJoker.SnapseedTests;
				PRODUCT_NAME = "$(TARGET_NAME)";
				SWIFT_VERSION = 5.0;
				TARGETED_DEVICE_FAMILY = "1,2";
				TEST_HOST = "$(BUILT_PRODUCTS_DIR)/Snapseed.app/Snapseed";
			};
			name = Release;
		};
		FAFA194E22D72690006B0A58 /* Debug */ = {
			isa = XCBuildConfiguration;
			buildSettings = {
				ALWAYS_EMBED_SWIFT_STANDARD_LIBRARIES = YES;
				CODE_SIGN_STYLE = Automatic;
				DEVELOPMENT_TEAM = UWV7N4CNDC;
				INFOPLIST_FILE = SnapseedUITests/Info.plist;
				LD_RUNPATH_SEARCH_PATHS = (
					"$(inherited)",
					"@executable_path/Frameworks",
					"@loader_path/Frameworks",
				);
				PRODUCT_BUNDLE_IDENTIFIER = KnightJoker.SnapseedUITests;
				PRODUCT_NAME = "$(TARGET_NAME)";
				SWIFT_VERSION = 5.0;
				TARGETED_DEVICE_FAMILY = "1,2";
				TEST_TARGET_NAME = Snapseed;
			};
			name = Debug;
		};
		FAFA194F22D72690006B0A58 /* Release */ = {
			isa = XCBuildConfiguration;
			buildSettings = {
				ALWAYS_EMBED_SWIFT_STANDARD_LIBRARIES = YES;
				CODE_SIGN_STYLE = Automatic;
				DEVELOPMENT_TEAM = UWV7N4CNDC;
				INFOPLIST_FILE = SnapseedUITests/Info.plist;
				LD_RUNPATH_SEARCH_PATHS = (
					"$(inherited)",
					"@executable_path/Frameworks",
					"@loader_path/Frameworks",
				);
				PRODUCT_BUNDLE_IDENTIFIER = KnightJoker.SnapseedUITests;
				PRODUCT_NAME = "$(TARGET_NAME)";
				SWIFT_VERSION = 5.0;
				TARGETED_DEVICE_FAMILY = "1,2";
				TEST_TARGET_NAME = Snapseed;
			};
			name = Release;
		};
/* End XCBuildConfiguration section */

/* Begin XCConfigurationList section */
		FAFA191A22D7268F006B0A58 /* Build configuration list for PBXProject "Snapseed" */ = {
			isa = XCConfigurationList;
			buildConfigurations = (
				FAFA194522D72690006B0A58 /* Debug */,
				FAFA194622D72690006B0A58 /* Release */,
			);
			defaultConfigurationIsVisible = 0;
			defaultConfigurationName = Release;
		};
		FAFA194722D72690006B0A58 /* Build configuration list for PBXNativeTarget "Snapseed" */ = {
			isa = XCConfigurationList;
			buildConfigurations = (
				FAFA194822D72690006B0A58 /* Debug */,
				FAFA194922D72690006B0A58 /* Release */,
			);
			defaultConfigurationIsVisible = 0;
			defaultConfigurationName = Release;
		};
		FAFA194A22D72690006B0A58 /* Build configuration list for PBXNativeTarget "SnapseedTests" */ = {
			isa = XCConfigurationList;
			buildConfigurations = (
				FAFA194B22D72690006B0A58 /* Debug */,
				FAFA194C22D72690006B0A58 /* Release */,
			);
			defaultConfigurationIsVisible = 0;
			defaultConfigurationName = Release;
		};
		FAFA194D22D72690006B0A58 /* Build configuration list for PBXNativeTarget "SnapseedUITests" */ = {
			isa = XCConfigurationList;
			buildConfigurations = (
				FAFA194E22D72690006B0A58 /* Debug */,
				FAFA194F22D72690006B0A58 /* Release */,
			);
			defaultConfigurationIsVisible = 0;
			defaultConfigurationName = Release;
		};
/* End XCConfigurationList section */
	};
	rootObject = FAFA191722D7268F006B0A58 /* Project object */;
}
